// !$*UTF8*$!
{
	archiveVersion = 1;
	classes = {
	};
	objectVersion = 46;
	objects = {

/* Begin PBXBuildFile section */
		8F6E3C2F1A5B87F800B8CE12 /* main.m in Sources */ = {isa = PBXBuildFile; fileRef = 8F6E3C2E1A5B87F800B8CE12 /* main.m */; };
		8F6E3C321A5B87F800B8CE12 /* AppDelegate.m in Sources */ = {isa = PBXBuildFile; fileRef = 8F6E3C311A5B87F800B8CE12 /* AppDelegate.m */; };
		8F6E3C351A5B87F800B8CE12 /* ViewController.m in Sources */ = {isa = PBXBuildFile; fileRef = 8F6E3C341A5B87F800B8CE12 /* ViewController.m */; };
		8F6E3C381A5B87F800B8CE12 /* Main.storyboard in Resources */ = {isa = PBXBuildFile; fileRef = 8F6E3C361A5B87F800B8CE12 /* Main.storyboard */; };
		8F6E3C3A1A5B87F800B8CE12 /* Images.xcassets in Resources */ = {isa = PBXBuildFile; fileRef = 8F6E3C391A5B87F800B8CE12 /* Images.xcassets */; };
		8F6E3C3D1A5B87F800B8CE12 /* LaunchScreen.xib in Resources */ = {isa = PBXBuildFile; fileRef = 8F6E3C3B1A5B87F800B8CE12 /* LaunchScreen.xib */; };
		8F6E3C491A5B87F800B8CE12 /* HttpRequestsTests.m in Sources */ = {isa = PBXBuildFile; fileRef = 8F6E3C481A5B87F800B8CE12 /* HttpRequestsTests.m */; };
/* End PBXBuildFile section */

/* Begin PBXContainerItemProxy section */
		8F6E3C431A5B87F800B8CE12 /* PBXContainerItemProxy */ = {
			isa = PBXContainerItemProxy;
			containerPortal = 8F6E3C211A5B87F800B8CE12 /* Project object */;
			proxyType = 1;
			remoteGlobalIDString = 8F6E3C281A5B87F800B8CE12;
			remoteInfo = HttpRequests;
		};
/* End PBXContainerItemProxy section */

/* Begin PBXFileReference section */
		8F6E3C291A5B87F800B8CE12 /* HttpRequests.app */ = {isa = PBXFileReference; explicitFileType = wrapper.application; includeInIndex = 0; path = HttpRequests.app; sourceTree = BUILT_PRODUCTS_DIR; };
		8F6E3C2D1A5B87F800B8CE12 /* Info.plist */ = {isa = PBXFileReference; lastKnownFileType = text.plist.xml; path = Info.plist; sourceTree = "<group>"; };
		8F6E3C2E1A5B87F800B8CE12 /* main.m */ = {isa = PBXFileReference; lastKnownFileType = sourcecode.c.objc; path = main.m; sourceTree = "<group>"; };
		8F6E3C301A5B87F800B8CE12 /* AppDelegate.h */ = {isa = PBXFileReference; lastKnownFileType = sourcecode.c.h; path = AppDelegate.h; sourceTree = "<group>"; };
		8F6E3C311A5B87F800B8CE12 /* AppDelegate.m */ = {isa = PBXFileReference; lastKnownFileType = sourcecode.c.objc; path = AppDelegate.m; sourceTree = "<group>"; };
		8F6E3C331A5B87F800B8CE12 /* ViewController.h */ = {isa = PBXFileReference; lastKnownFileType = sourcecode.c.h; path = ViewController.h; sourceTree = "<group>"; };
		8F6E3C341A5B87F800B8CE12 /* ViewController.m */ = {isa = PBXFileReference; lastKnownFileType = sourcecode.c.objc; path = ViewController.m; sourceTree = "<group>"; };
		8F6E3C371A5B87F800B8CE12 /* Base */ = {isa = PBXFileReference; lastKnownFileType = file.storyboard; name = Base; path = Base.lproj/Main.storyboard; sourceTree = "<group>"; };
		8F6E3C391A5B87F800B8CE12 /* Images.xcassets */ = {isa = PBXFileReference; lastKnownFileType = folder.assetcatalog; path = Images.xcassets; sourceTree = "<group>"; };
		8F6E3C3C1A5B87F800B8CE12 /* Base */ = {isa = PBXFileReference; lastKnownFileType = file.xib; name = Base; path = Base.lproj/LaunchScreen.xib; sourceTree = "<group>"; };
		8F6E3C421A5B87F800B8CE12 /* HttpRequestsTests.xctest */ = {isa = PBXFileReference; explicitFileType = wrapper.cfbundle; includeInIndex = 0; path = HttpRequestsTests.xctest; sourceTree = BUILT_PRODUCTS_DIR; };
		8F6E3C471A5B87F800B8CE12 /* Info.plist */ = {isa = PBXFileReference; lastKnownFileType = text.plist.xml; path = Info.plist; sourceTree = "<group>"; };
		8F6E3C481A5B87F800B8CE12 /* HttpRequestsTests.m */ = {isa = PBXFileReference; lastKnownFileType = sourcecode.c.objc; path = HttpRequestsTests.m; sourceTree = "<group>"; };
/* End PBXFileReference section */

/* Begin PBXFrameworksBuildPhase section */
		8F6E3C261A5B87F800B8CE12 /* Frameworks */ = {
			isa = PBXFrameworksBuildPhase;
			buildActionMask = 2147483647;
			files = (
			);
			runOnlyForDeploymentPostprocessing = 0;
		};
		8F6E3C3F1A5B87F800B8CE12 /* Frameworks */ = {
			isa = PBXFrameworksBuildPhase;
			buildActionMask = 2147483647;
			files = (
			);
			runOnlyForDeploymentPostprocessing = 0;
		};
/* End PBXFrameworksBuildPhase section */

/* Begin PBXGroup section */
		8F6E3C201A5B87F800B8CE12 = {
			isa = PBXGroup;
			children = (
				8F6E3C2B1A5B87F800B8CE12 /* HttpRequests */,
				8F6E3C451A5B87F800B8CE12 /* HttpRequestsTests */,
				8F6E3C2A1A5B87F800B8CE12 /* Products */,
			);
			sourceTree = "<group>";
		};
		8F6E3C2A1A5B87F800B8CE12 /* Products */ = {
			isa = PBXGroup;
			children = (
				8F6E3C291A5B87F800B8CE12 /* HttpRequests.app */,
				8F6E3C421A5B87F800B8CE12 /* HttpRequestsTests.xctest */,
			);
			name = Products;
			sourceTree = "<group>";
		};
		8F6E3C2B1A5B87F800B8CE12 /* HttpRequests */ = {
			isa = PBXGroup;
			children = (
				8F6E3C301A5B87F800B8CE12 /* AppDelegate.h */,
				8F6E3C311A5B87F800B8CE12 /* AppDelegate.m */,
				8F6E3C331A5B87F800B8CE12 /* ViewController.h */,
				8F6E3C341A5B87F800B8CE12 /* ViewController.m */,
				8F6E3C361A5B87F800B8CE12 /* Main.storyboard */,
				8F6E3C391A5B87F800B8CE12 /* Images.xcassets */,
				8F6E3C3B1A5B87F800B8CE12 /* LaunchScreen.xib */,
				8F6E3C2C1A5B87F800B8CE12 /* Supporting Files */,
			);
			path = HttpRequests;
			sourceTree = "<group>";
		};
		8F6E3C2C1A5B87F800B8CE12 /* Supporting Files */ = {
			isa = PBXGroup;
			children = (
				8F6E3C2D1A5B87F800B8CE12 /* Info.plist */,
				8F6E3C2E1A5B87F800B8CE12 /* main.m */,
			);
			name = "Supporting Files";
			sourceTree = "<group>";
		};
		8F6E3C451A5B87F800B8CE12 /* HttpRequestsTests */ = {
			isa = PBXGroup;
			children = (
				8F6E3C481A5B87F800B8CE12 /* HttpRequestsTests.m */,
				8F6E3C461A5B87F800B8CE12 /* Supporting Files */,
			);
			path = HttpRequestsTests;
			sourceTree = "<group>";
		};
		8F6E3C461A5B87F800B8CE12 /* Supporting Files */ = {
			isa = PBXGroup;
			children = (
				8F6E3C471A5B87F800B8CE12 /* Info.plist */,
			);
			name = "Supporting Files";
			sourceTree = "<group>";
		};
/* End PBXGroup section */

/* Begin PBXNativeTarget section */
		8F6E3C281A5B87F800B8CE12 /* HttpRequests */ = {
			isa = PBXNativeTarget;
			buildConfigurationList = 8F6E3C4C1A5B87F800B8CE12 /* Build configuration list for PBXNativeTarget "HttpRequests" */;
			buildPhases = (
				8F6E3C251A5B87F800B8CE12 /* Sources */,
				8F6E3C261A5B87F800B8CE12 /* Frameworks */,
				8F6E3C271A5B87F800B8CE12 /* Resources */,
			);
			buildRules = (
			);
			dependencies = (
			);
			name = HttpRequests;
			productName = HttpRequests;
			productReference = 8F6E3C291A5B87F800B8CE12 /* HttpRequests.app */;
			productType = "com.apple.product-type.application";
		};
		8F6E3C411A5B87F800B8CE12 /* HttpRequestsTests */ = {
			isa = PBXNativeTarget;
			buildConfigurationList = 8F6E3C4F1A5B87F800B8CE12 /* Build configuration list for PBXNativeTarget "HttpRequestsTests" */;
			buildPhases = (
				8F6E3C3E1A5B87F800B8CE12 /* Sources */,
				8F6E3C3F1A5B87F800B8CE12 /* Frameworks */,
				8F6E3C401A5B87F800B8CE12 /* Resources */,
			);
			buildRules = (
			);
			dependencies = (
				8F6E3C441A5B87F800B8CE12 /* PBXTargetDependency */,
			);
			name = HttpRequestsTests;
			productName = HttpRequestsTests;
			productReference = 8F6E3C421A5B87F800B8CE12 /* HttpRequestsTests.xctest */;
			productType = "com.apple.product-type.bundle.unit-test";
		};
/* End PBXNativeTarget section */

/* Begin PBXProject section */
		8F6E3C211A5B87F800B8CE12 /* Project object */ = {
			isa = PBXProject;
			attributes = {
				LastUpgradeCheck = 0610;
				ORGANIZATIONNAME = "James Stiehl";
				TargetAttributes = {
					8F6E3C281A5B87F800B8CE12 = {
						CreatedOnToolsVersion = 6.1.1;
					};
					8F6E3C411A5B87F800B8CE12 = {
						CreatedOnToolsVersion = 6.1.1;
						TestTargetID = 8F6E3C281A5B87F800B8CE12;
					};
				};
			};
			buildConfigurationList = 8F6E3C241A5B87F800B8CE12 /* Build configuration list for PBXProject "HttpRequests" */;
			compatibilityVersion = "Xcode 3.2";
			developmentRegion = English;
			hasScannedForEncodings = 0;
			knownRegions = (
				en,
				Base,
			);
			mainGroup = 8F6E3C201A5B87F800B8CE12;
			productRefGroup = 8F6E3C2A1A5B87F800B8CE12 /* Products */;
			projectDirPath = "";
			projectRoot = "";
			targets = (
				8F6E3C281A5B87F800B8CE12 /* HttpRequests */,
				8F6E3C411A5B87F800B8CE12 /* HttpRequestsTests */,
			);
		};
/* End PBXProject section */

/* Begin PBXResourcesBuildPhase section */
		8F6E3C271A5B87F800B8CE12 /* Resources */ = {
			isa = PBXResourcesBuildPhase;
			buildActionMask = 2147483647;
			files = (
				8F6E3C381A5B87F800B8CE12 /* Main.storyboard in Resources */,
				8F6E3C3D1A5B87F800B8CE12 /* LaunchScreen.xib in Resources */,
				8F6E3C3A1A5B87F800B8CE12 /* Images.xcassets in Resources */,
			);
			runOnlyForDeploymentPostprocessing = 0;
		};
		8F6E3C401A5B87F800B8CE12 /* Resources */ = {
			isa = PBXResourcesBuildPhase;
			buildActionMask = 2147483647;
			files = (
			);
			runOnlyForDeploymentPostprocessing = 0;
		};
/* End PBXResourcesBuildPhase section */

/* Begin PBXSourcesBuildPhase section */
		8F6E3C251A5B87F800B8CE12 /* Sources */ = {
			isa = PBXSourcesBuildPhase;
			buildActionMask = 2147483647;
			files = (
				8F6E3C351A5B87F800B8CE12 /* ViewController.m in Sources */,
				8F6E3C321A5B87F800B8CE12 /* AppDelegate.m in Sources */,
				8F6E3C2F1A5B87F800B8CE12 /* main.m in Sources */,
			);
			runOnlyForDeploymentPostprocessing = 0;
		};
		8F6E3C3E1A5B87F800B8CE12 /* Sources */ = {
			isa = PBXSourcesBuildPhase;
			buildActionMask = 2147483647;
			files = (
				8F6E3C491A5B87F800B8CE12 /* HttpRequestsTests.m in Sources */,
			);
			runOnlyForDeploymentPostprocessing = 0;
		};
/* End PBXSourcesBuildPhase section */

/* Begin PBXTargetDependency section */
		8F6E3C441A5B87F800B8CE12 /* PBXTargetDependency */ = {
			isa = PBXTargetDependency;
			target = 8F6E3C281A5B87F800B8CE12 /* HttpRequests */;
			targetProxy = 8F6E3C431A5B87F800B8CE12 /* PBXContainerItemProxy */;
		};
/* End PBXTargetDependency section */

/* Begin PBXVariantGroup section */
		8F6E3C361A5B87F800B8CE12 /* Main.storyboard */ = {
			isa = PBXVariantGroup;
			children = (
				8F6E3C371A5B87F800B8CE12 /* Base */,
			);
			name = Main.storyboard;
			sourceTree = "<group>";
		};
		8F6E3C3B1A5B87F800B8CE12 /* LaunchScreen.xib */ = {
			isa = PBXVariantGroup;
			children = (
				8F6E3C3C1A5B87F800B8CE12 /* Base */,
			);
			name = LaunchScreen.xib;
			sourceTree = "<group>";
		};
/* End PBXVariantGroup section */

/* Begin XCBuildConfiguration section */
		8F6E3C4A1A5B87F800B8CE12 /* Debug */ = {
			isa = XCBuildConfiguration;
			buildSettings = {
				ALWAYS_SEARCH_USER_PATHS = NO;
				CLANG_CXX_LANGUAGE_STANDARD = "gnu++0x";
				CLANG_CXX_LIBRARY = "libc++";
				CLANG_ENABLE_MODULES = YES;
				CLANG_ENABLE_OBJC_ARC = YES;
				CLANG_WARN_BOOL_CONVERSION = YES;
				CLANG_WARN_CONSTANT_CONVERSION = YES;
				CLANG_WARN_DIRECT_OBJC_ISA_USAGE = YES_ERROR;
				CLANG_WARN_EMPTY_BODY = YES;
				CLANG_WARN_ENUM_CONVERSION = YES;
				CLANG_WARN_INT_CONVERSION = YES;
				CLANG_WARN_OBJC_ROOT_CLASS = YES_ERROR;
				CLANG_WARN_UNREACHABLE_CODE = YES;
				CLANG_WARN__DUPLICATE_METHOD_MATCH = YES;
				"CODE_SIGN_IDENTITY[sdk=iphoneos*]" = "iPhone Developer";
				COPY_PHASE_STRIP = NO;
				ENABLE_STRICT_OBJC_MSGSEND = YES;
				GCC_C_LANGUAGE_STANDARD = gnu99;
				GCC_DYNAMIC_NO_PIC = NO;
				GCC_OPTIMIZATION_LEVEL = 0;
				GCC_PREPROCESSOR_DEFINITIONS = (
					"DEBUG=1",
					"$(inherited)",
				);
				GCC_SYMBOLS_PRIVATE_EXTERN = NO;
				GCC_WARN_64_TO_32_BIT_CONVERSION = YES;
				GCC_WARN_ABOUT_RETURN_TYPE = YES_ERROR;
				GCC_WARN_UNDECLARED_SELECTOR = YES;
				GCC_WARN_UNINITIALIZED_AUTOS = YES_AGGRESSIVE;
				GCC_WARN_UNUSED_FUNCTION = YES;
				GCC_WARN_UNUSED_VARIABLE = YES;
				IPHONEOS_DEPLOYMENT_TARGET = 8.1;
				MTL_ENABLE_DEBUG_INFO = YES;
				ONLY_ACTIVE_ARCH = YES;
				SDKROOT = iphoneos;
			};
			name = Debug;
		};
		8F6E3C4B1A5B87F800B8CE12 /* Release */ = {
			isa = XCBuildConfiguration;
			buildSettings = {
				ALWAYS_SEARCH_USER_PATHS = NO;
				CLANG_CXX_LANGUAGE_STANDARD = "gnu++0x";
				CLANG_CXX_LIBRARY = "libc++";
				CLANG_ENABLE_MODULES = YES;
				CLANG_ENABLE_OBJC_ARC = YES;
				CLANG_WARN_BOOL_CONVERSION = YES;
				CLANG_WARN_CONSTANT_CONVERSION = YES;
				CLANG_WARN_DIRECT_OBJC_ISA_USAGE = YES_ERROR;
				CLANG_WARN_EMPTY_BODY = YES;
				CLANG_WARN_ENUM_CONVERSION = YES;
				CLANG_WARN_INT_CONVERSION = YES;
				CLANG_WARN_OBJC_ROOT_CLASS = YES_ERROR;
				CLANG_WARN_UNREACHABLE_CODE = YES;
				CLANG_WARN__DUPLICATE_METHOD_MATCH = YES;
				"CODE_SIGN_IDENTITY[sdk=iphoneos*]" = "iPhone Developer";
				COPY_PHASE_STRIP = YES;
				ENABLE_NS_ASSERTIONS = NO;
				ENABLE_STRICT_OBJC_MSGSEND = YES;
				GCC_C_LANGUAGE_STANDARD = gnu99;
				GCC_WARN_64_TO_32_BIT_CONVERSION = YES;
				GCC_WARN_ABOUT_RETURN_TYPE = YES_ERROR;
				GCC_WARN_UNDECLARED_SELECTOR = YES;
				GCC_WARN_UNINITIALIZED_AUTOS = YES_AGGRESSIVE;
				GCC_WARN_UNUSED_FUNCTION = YES;
				GCC_WARN_UNUSED_VARIABLE = YES;
				IPHONEOS_DEPLOYMENT_TARGET = 8.1;
				MTL_ENABLE_DEBUG_INFO = NO;
				SDKROOT = iphoneos;
				VALIDATE_PRODUCT = YES;
			};
			name = Release;
		};
		8F6E3C4D1A5B87F800B8CE12 /* Debug */ = {
			isa = XCBuildConfiguration;
			buildSettings = {
				ASSETCATALOG_COMPILER_APPICON_NAME = AppIcon;
				INFOPLIST_FILE = HttpRequests/Info.plist;
				LD_RUNPATH_SEARCH_PATHS = "$(inherited) @executable_path/Frameworks";
				PRODUCT_NAME = "$(TARGET_NAME)";
			};
			name = Debug;
		};
		8F6E3C4E1A5B87F800B8CE12 /* Release */ = {
			isa = XCBuildConfiguration;
			buildSettings = {
				ASSETCATALOG_COMPILER_APPICON_NAME = AppIcon;
				INFOPLIST_FILE = HttpRequests/Info.plist;
				LD_RUNPATH_SEARCH_PATHS = "$(inherited) @executable_path/Frameworks";
				PRODUCT_NAME = "$(TARGET_NAME)";
			};
			name = Release;
		};
		8F6E3C501A5B87F800B8CE12 /* Debug */ = {
			isa = XCBuildConfiguration;
			buildSettings = {
				BUNDLE_LOADER = "$(TEST_HOST)";
				FRAMEWORK_SEARCH_PATHS = (
					"$(SDKROOT)/Developer/Library/Frameworks",
					"$(inherited)",
				);
				GCC_PREPROCESSOR_DEFINITIONS = (
					"DEBUG=1",
					"$(inherited)",
				);
				INFOPLIST_FILE = HttpRequestsTests/Info.plist;
				LD_RUNPATH_SEARCH_PATHS = "$(inherited) @executable_path/Frameworks @loader_path/Frameworks";
				PRODUCT_NAME = "$(TARGET_NAME)";
				TEST_HOST = "$(BUILT_PRODUCTS_DIR)/HttpRequests.app/HttpRequests";
			};
			name = Debug;
		};
		8F6E3C511A5B87F800B8CE12 /* Release */ = {
			isa = XCBuildConfiguration;
			buildSettings = {
				BUNDLE_LOADER = "$(TEST_HOST)";
				FRAMEWORK_SEARCH_PATHS = (
					"$(SDKROOT)/Developer/Library/Frameworks",
					"$(inherited)",
				);
				INFOPLIST_FILE = HttpRequestsTests/Info.plist;
				LD_RUNPATH_SEARCH_PATHS = "$(inherited) @executable_path/Frameworks @loader_path/Frameworks";
				PRODUCT_NAME = "$(TARGET_NAME)";
				TEST_HOST = "$(BUILT_PRODUCTS_DIR)/HttpRequests.app/HttpRequests";
			};
			name = Release;
		};
/* End XCBuildConfiguration section */

/* Begin XCConfigurationList section */
		8F6E3C241A5B87F800B8CE12 /* Build configuration list for PBXProject "HttpRequests" */ = {
			isa = XCConfigurationList;
			buildConfigurations = (
				8F6E3C4A1A5B87F800B8CE12 /* Debug */,
				8F6E3C4B1A5B87F800B8CE12 /* Release */,
			);
			defaultConfigurationIsVisible = 0;
			defaultConfigurationName = Release;
		};
		8F6E3C4C1A5B87F800B8CE12 /* Build configuration list for PBXNativeTarget "HttpRequests" */ = {
			isa = XCConfigurationList;
			buildConfigurations = (
				8F6E3C4D1A5B87F800B8CE12 /* Debug */,
				8F6E3C4E1A5B87F800B8CE12 /* Release */,
			);
			defaultConfigurationIsVisible = 0;
		};
		8F6E3C4F1A5B87F800B8CE12 /* Build configuration list for PBXNativeTarget "HttpRequestsTests" */ = {
			isa = XCConfigurationList;
			buildConfigurations = (
				8F6E3C501A5B87F800B8CE12 /* Debug */,
				8F6E3C511A5B87F800B8CE12 /* Release */,
			);
			defaultConfigurationIsVisible = 0;
		};
/* End XCConfigurationList section */
	};
	rootObject = 8F6E3C211A5B87F800B8CE12 /* Project object */;
}
